
Microsoft Visual Studio Solution File, Format Version 12.00
# Visual Studio Version 16
VisualStudioVersion = 16.0.31313.79
MinimumVisualStudioVersion = 10.0.40219.1
Project("{FAE04EC0-301F-11D3-BF4B-00C04F79EFBC}") = "Tm1", "Tm1.csproj", "{5309E2FF-6252-48FE-9C54-A6E03BBFAD20}"
EndProject
Global
	GlobalSection(SolutionConfigurationPlatforms) = preSolution
		Debug|Any CPU = Debug|Any CPU
		Release|Any CPU = Release|Any CPU
	EndGlobalSection
	GlobalSection(ProjectConfigurationPlatforms) = postSolution
		{5309E2FF-6252-48FE-9C54-A6E03BBFAD20}.Debug|Any CPU.ActiveCfg = Debug|Any CPU
		{5309E2FF-6252-48FE-9C54-A6E03BBFAD20}.Debug|Any CPU.Build.0 = Debug|Any CPU
		{5309E2FF-6252-48FE-9C54-A6E03BBFAD20}.Release|Any CPU.ActiveCfg = Release|Any CPU
		{5309E2FF-6252-48FE-9C54-A6E03BBFAD20}.Release|Any CPU.Build.0 = Release|Any CPU
	EndGlobalSection
	GlobalSection(SolutionProperties) = preSolution
		HideSolutionNode = FALSE
	EndGlobalSection
	GlobalSection(ExtensibilityGlobals) = postSolution
		SolutionGuid = {97F81544-E797-4568-8D70-968D681C3473}
	EndGlobalSection
EndGlobal
