
Microsoft Visual Studio Solution File, Format Version 12.00
# Visual Studio Version 16
VisualStudioVersion = 16.0.31402.337
MinimumVisualStudioVersion = 10.0.40219.1
Project("{FAE04EC0-301F-11D3-BF4B-00C04F79EFBC}") = "tm3", "tm3.csproj", "{8C03EBC8-574C-4C2A-BB7F-69FF54D0C268}"
EndProject
Global
	GlobalSection(SolutionConfigurationPlatforms) = preSolution
		Debug|Any CPU = Debug|Any CPU
		Release|Any CPU = Release|Any CPU
	EndGlobalSection
	GlobalSection(ProjectConfigurationPlatforms) = postSolution
		{8C03EBC8-574C-4C2A-BB7F-69FF54D0C268}.Debug|Any CPU.ActiveCfg = Debug|Any CPU
		{8C03EBC8-574C-4C2A-BB7F-69FF54D0C268}.Debug|Any CPU.Build.0 = Debug|Any CPU
		{8C03EBC8-574C-4C2A-BB7F-69FF54D0C268}.Release|Any CPU.ActiveCfg = Release|Any CPU
		{8C03EBC8-574C-4C2A-BB7F-69FF54D0C268}.Release|Any CPU.Build.0 = Release|Any CPU
	EndGlobalSection
	GlobalSection(SolutionProperties) = preSolution
		HideSolutionNode = FALSE
	EndGlobalSection
	GlobalSection(ExtensibilityGlobals) = postSolution
		SolutionGuid = {08096EB7-B7EC-4E70-A49D-1C7FE6441BC7}
	EndGlobalSection
EndGlobal
